[[package]]
name = "amaranth"
version = "0.4.dev34+gaf7c114"
description = "Amaranth hardware definition language"
category = "main"
optional = false
python-versions = "~=3.7"
develop = false

[package.dependencies]
Jinja2 = ">=3.0,<4.0"
pyvcd = ">=0.2.2,<0.4"

[package.extras]
builtin-yosys = ["amaranth-yosys (>=0.10)"]
remote-build = ["paramiko (>=2.7,<3.0)"]

[package.source]
type = "git"
url = "https://github.com/amaranth-lang/amaranth.git"
reference = "HEAD"
resolved_reference = "af7c11441db7d733db2f4a34190867c11e59a7a0"

[[package]]
name = "amaranth-boards"
version = "0.1.dev208+g2d0a23b"
description = "Board and connector definitions for Amaranth HDL"
category = "main"
optional = false
python-versions = "*"
develop = false

[package.dependencies]
amaranth = ">=0.2,<0.5"

[package.source]
type = "git"
url = "https://github.com/amaranth-lang/amaranth-boards.git"
reference = "HEAD"
resolved_reference = "2d0a23b75ebb769874719297dec65ff07ca9e79f"

[[package]]
name = "amaranth-orchard"
version = "0.1.dev9+g49231b8"
description = "curated collection of Amaranth cores"
category = "main"
optional = false
python-versions = ">=3.6"
develop = false

[package.source]
type = "git"
url = "https://gitlab.com/ChipFlow/amaranth-orchard.git"
reference = "HEAD"
resolved_reference = "49231b8e99b0ccb8e1d04a36d89faa6ee8dafdb7"

[[package]]
name = "amaranth-soc"
version = "0.1.dev49+g217d4ea"
description = "System on Chip toolkit for Amaranth HDL"
category = "main"
optional = false
python-versions = "*"
develop = false

[package.dependencies]
amaranth = ">=0.2,<0.5"

[package.source]
type = "git"
url = "https://github.com/amaranth-lang/amaranth-soc.git"
reference = "HEAD"
resolved_reference = "217d4ea76ad3b3bbf146980d168bc7b3b9d95a18"

[[package]]
name = "amaranth-stdio"
version = "0.1.dev11+gae74f17"
description = "Industry standard I/O for Amaranth HDL"
category = "main"
optional = false
python-versions = "*"
develop = false

[package.dependencies]
amaranth = ">=0.2,<0.5"

[package.source]
type = "git"
url = "https://github.com/amaranth-lang/amaranth-stdio.git"
reference = "HEAD"
resolved_reference = "ae74f176b6ca32b24ab08325159a19318711a5a9"

[[package]]
name = "amaranth-vexriscv"
version = "0.0.3+803c49d"
description = "Prebuilt VexRiscv (currently ASIC-optimised configs) and Amaranth Integration"
category = "main"
optional = false
python-versions = ">=3.7,<4.0"

[package.dependencies]
amaranth = {git = "https://github.com/amaranth-lang/amaranth.git"}

[package.source]
type = "legacy"
url = "https://gitlab.com/api/v4/projects/33096707/packages/pypi/simple"
reference = "chipflow"

[[package]]
name = "appdirs"
version = "1.4.4"
description = "A small Python module for determining appropriate platform-specific dirs, e.g. a \"user data dir\"."
category = "main"
optional = false
python-versions = "*"

[package.source]
type = "legacy"
url = "https://gitlab.com/api/v4/projects/33096707/packages/pypi/simple"
reference = "chipflow"

[[package]]
name = "attrs"
version = "22.1.0"
description = "Classes Without Boilerplate"
category = "main"
optional = false
python-versions = ">=3.5"

[package.extras]
dev = ["cloudpickle", "coverage[toml] (>=5.0.2)", "furo", "hypothesis", "mypy (>=0.900,!=0.940)", "pre-commit", "pympler", "pytest (>=4.3.0)", "pytest-mypy-plugins", "sphinx", "sphinx-notfound-page", "zope.interface"]
docs = ["furo", "sphinx", "sphinx-notfound-page", "zope.interface"]
tests = ["cloudpickle", "coverage[toml] (>=5.0.2)", "hypothesis", "mypy (>=0.900,!=0.940)", "pympler", "pytest (>=4.3.0)", "pytest-mypy-plugins", "zope.interface"]
tests-no-zope = ["cloudpickle", "coverage[toml] (>=5.0.2)", "hypothesis", "mypy (>=0.900,!=0.940)", "pympler", "pytest (>=4.3.0)", "pytest-mypy-plugins"]

[package.source]
type = "legacy"
url = "https://gitlab.com/api/v4/projects/33096707/packages/pypi/simple"
reference = "chipflow"

[[package]]
name = "chipflow"
version = "0.1.0"
description = "ChipFlow common tools."
category = "main"
optional = false
python-versions = "^3.9"
develop = true

[package.dependencies]
amaranth = {git = "https://github.com/amaranth-lang/amaranth.git"}
amaranth-boards = {git = "https://github.com/amaranth-lang/amaranth-boards.git"}
amaranth-orchard = {git = "https://gitlab.com/ChipFlow/amaranth-orchard.git"}
amaranth-soc = {git = "https://github.com/amaranth-lang/amaranth-soc.git"}
amaranth-stdio = {git = "https://github.com/amaranth-lang/amaranth-stdio.git"}
amaranth-vexriscv = "0.*"
doit = "^0.36.0"
pytest = "^7.2.0"
tomli = "^2.0.1"
yowasp-nextpnr-ecp5 = "^0.4.post25.dev361"
yowasp-yosys = "^0.23.dev444"

[package.source]
type = "directory"
url = "lib/chipflow"

[[package]]
name = "cloudpickle"
version = "2.2.0"
description = "Extended pickling support for Python objects"
category = "main"
optional = false
python-versions = ">=3.6"

[package.source]
type = "legacy"
url = "https://gitlab.com/api/v4/projects/33096707/packages/pypi/simple"
reference = "chipflow"

[[package]]
name = "colorama"
version = "0.4.6"
description = "Cross-platform colored terminal text."
category = "main"
optional = false
python-versions = "!=3.0.*,!=3.1.*,!=3.2.*,!=3.3.*,!=3.4.*,!=3.5.*,!=3.6.*,>=2.7"

[package.source]
type = "legacy"
url = "https://gitlab.com/api/v4/projects/33096707/packages/pypi/simple"
reference = "chipflow"

[[package]]
name = "doit"
version = "0.36.0"
description = "doit - Automation Tool"
category = "main"
optional = false
python-versions = ">=3.8"

[package.dependencies]
cloudpickle = "*"
importlib-metadata = ">=4.4"

[package.extras]
toml = ["tomli"]

[package.source]
type = "legacy"
url = "https://gitlab.com/api/v4/projects/33096707/packages/pypi/simple"
reference = "chipflow"

[[package]]
name = "exceptiongroup"
version = "1.0.4"
description = "Backport of PEP 654 (exception groups)"
category = "main"
optional = false
python-versions = ">=3.7"

[package.extras]
test = ["pytest (>=6)"]

[package.source]
type = "legacy"
url = "https://gitlab.com/api/v4/projects/33096707/packages/pypi/simple"
reference = "chipflow"

[[package]]
name = "importlib-metadata"
version = "5.0.0"
description = "Read metadata from Python packages"
category = "main"
optional = false
python-versions = ">=3.7"

[package.dependencies]
zipp = ">=0.5"

[package.extras]
docs = ["furo", "jaraco.packaging (>=9)", "jaraco.tidelift (>=1.4)", "rst.linker (>=1.9)", "sphinx (>=3.5)"]
perf = ["ipython"]
testing = ["flake8 (<5)", "flufl.flake8", "importlib-resources (>=1.3)", "packaging", "pyfakefs", "pytest (>=6)", "pytest-black (>=0.3.7)", "pytest-checkdocs (>=2.4)", "pytest-cov", "pytest-enabler (>=1.3)", "pytest-flake8", "pytest-mypy (>=0.9.1)", "pytest-perf (>=0.9.2)"]

[package.source]
type = "legacy"
url = "https://gitlab.com/api/v4/projects/33096707/packages/pypi/simple"
reference = "chipflow"

[[package]]
name = "iniconfig"
version = "1.1.1"
description = "iniconfig: brain-dead simple config-ini parsing"
category = "main"
optional = false
python-versions = "*"

[package.source]
type = "legacy"
url = "https://gitlab.com/api/v4/projects/33096707/packages/pypi/simple"
reference = "chipflow"

[[package]]
name = "jinja2"
version = "3.1.2"
description = "A very fast and expressive template engine."
category = "main"
optional = false
python-versions = ">=3.7"

[package.dependencies]
MarkupSafe = ">=2.0"

[package.extras]
i18n = ["Babel (>=2.7)"]

[package.source]
type = "legacy"
url = "https://gitlab.com/api/v4/projects/33096707/packages/pypi/simple"
reference = "chipflow"

[[package]]
name = "markupsafe"
version = "2.1.1"
description = "Safely add untrusted strings to HTML/XML markup."
category = "main"
optional = false
python-versions = ">=3.7"

[package.source]
type = "legacy"
url = "https://gitlab.com/api/v4/projects/33096707/packages/pypi/simple"
reference = "chipflow"

[[package]]
name = "packaging"
version = "21.3"
description = "Core utilities for Python packages"
category = "main"
optional = false
python-versions = ">=3.6"

[package.dependencies]
pyparsing = ">=2.0.2,<3.0.5 || >3.0.5"

[package.source]
type = "legacy"
url = "https://gitlab.com/api/v4/projects/33096707/packages/pypi/simple"
reference = "chipflow"

[[package]]
name = "pluggy"
version = "1.0.0"
description = "plugin and hook calling mechanisms for python"
category = "main"
optional = false
python-versions = ">=3.6"

[package.extras]
dev = ["pre-commit", "tox"]
testing = ["pytest", "pytest-benchmark"]

[package.source]
type = "legacy"
url = "https://gitlab.com/api/v4/projects/33096707/packages/pypi/simple"
reference = "chipflow"

[[package]]
name = "pyparsing"
version = "3.0.9"
description = "pyparsing module - Classes and methods to define and execute parsing grammars"
category = "main"
optional = false
python-versions = ">=3.6.8"

[package.extras]
diagrams = ["jinja2", "railroad-diagrams"]

[package.source]
type = "legacy"
url = "https://gitlab.com/api/v4/projects/33096707/packages/pypi/simple"
reference = "chipflow"

[[package]]
name = "pytest"
version = "7.2.0"
description = "pytest: simple powerful testing with Python"
category = "main"
optional = false
python-versions = ">=3.7"

[package.dependencies]
attrs = ">=19.2.0"
colorama = {version = "*", markers = "sys_platform == \"win32\""}
exceptiongroup = {version = ">=1.0.0rc8", markers = "python_version < \"3.11\""}
iniconfig = "*"
packaging = "*"
pluggy = ">=0.12,<2.0"
tomli = {version = ">=1.0.0", markers = "python_version < \"3.11\""}

[package.extras]
testing = ["argcomplete", "hypothesis (>=3.56)", "mock", "nose", "pygments (>=2.7.2)", "requests", "xmlschema"]

[package.source]
type = "legacy"
url = "https://gitlab.com/api/v4/projects/33096707/packages/pypi/simple"
reference = "chipflow"

[[package]]
name = "pyvcd"
version = "0.3.0"
description = "Python VCD file support"
category = "main"
optional = false
python-versions = ">=3.6"

[package.source]
type = "legacy"
url = "https://gitlab.com/api/v4/projects/33096707/packages/pypi/simple"
reference = "chipflow"

[[package]]
name = "tomli"
version = "2.0.1"
description = "A lil' TOML parser"
category = "main"
optional = false
python-versions = ">=3.7"

[package.source]
type = "legacy"
url = "https://gitlab.com/api/v4/projects/33096707/packages/pypi/simple"
reference = "chipflow"

[[package]]
name = "wasmtime"
version = "1.0.1"
description = "A WebAssembly runtime powered by Wasmtime"
category = "main"
optional = false
python-versions = ">=3.6"

[package.extras]
testing = ["coverage", "flake8 (==4.0.1)", "pycparser", "pytest", "pytest-flake8", "pytest-mypy"]

[package.source]
type = "legacy"
url = "https://gitlab.com/api/v4/projects/33096707/packages/pypi/simple"
reference = "chipflow"

[[package]]
name = "yowasp-nextpnr-ecp5"
version = "0.4.post25.dev361"
description = "nextpnr-ecp5 FPGA place and route tool"
category = "main"
optional = false
python-versions = "~=3.5"

[package.dependencies]
appdirs = ">=1.4,<2.0"
wasmtime = ">=0.30,<2.0"

[package.source]
type = "legacy"
url = "https://gitlab.com/api/v4/projects/33096707/packages/pypi/simple"
reference = "chipflow"

[[package]]
name = "yowasp-yosys"
version = "0.23.dev444"
description = "Yosys Open SYnthesis Suite"
category = "main"
optional = false
python-versions = "~=3.5"

[package.dependencies]
appdirs = ">=1.4,<2.0"
wasmtime = ">=0.30,<2.0"

[package.source]
type = "legacy"
url = "https://gitlab.com/api/v4/projects/33096707/packages/pypi/simple"
reference = "chipflow"

[[package]]
name = "zipp"
version = "3.10.0"
description = "Backport of pathlib-compatible object wrapper for zip files"
category = "main"
optional = false
python-versions = ">=3.7"

[package.extras]
docs = ["furo", "jaraco.packaging (>=9)", "jaraco.tidelift (>=1.4)", "rst.linker (>=1.9)", "sphinx (>=3.5)"]
testing = ["flake8 (<5)", "func-timeout", "jaraco.functools", "jaraco.itertools", "more-itertools", "pytest (>=6)", "pytest-black (>=0.3.7)", "pytest-checkdocs (>=2.4)", "pytest-cov", "pytest-enabler (>=1.3)", "pytest-flake8", "pytest-mypy (>=0.9.1)"]

[package.source]
type = "legacy"
url = "https://gitlab.com/api/v4/projects/33096707/packages/pypi/simple"
reference = "chipflow"

[metadata]
lock-version = "1.1"
python-versions = "^3.9"
content-hash = "9e6d9ad39dc0a416c86311674b8a5e3d9bdf82a0bac0524fedfb45c370ecf774"

[metadata.files]
amaranth = []
amaranth-boards = []
amaranth-orchard = []
amaranth-soc = []
amaranth-stdio = []
amaranth-vexriscv = [
    {file = "amaranth_vexriscv-0.0.3+803c49d-py3-none-any.whl", hash = "sha256:70d12c0064e476bdb266b98dfd9b43daaa9cbda6877190d5c618c733f442f18b"},
    {file = "amaranth_vexriscv-0.0.3+803c49d.tar.gz", hash = "sha256:999b8d409df9e2eecaf6725db6a0b551b87eb5f4def06751352a4319badd8c0c"},
]
appdirs = [
    {file = "appdirs-1.4.4-py2.py3-none-any.whl", hash = "sha256:a841dacd6b99318a741b166adb07e19ee71a274450e68237b4650ca1055ab128"},
    {file = "appdirs-1.4.4.tar.gz", hash = "sha256:7d5d0167b2b1ba821647616af46a749d1c653740dd0d2415100fe26e27afdf41"},
]
attrs = [
    {file = "attrs-22.1.0-py2.py3-none-any.whl", hash = "sha256:86efa402f67bf2df34f51a335487cf46b1ec130d02b8d39fd248abfd30da551c"},
    {file = "attrs-22.1.0.tar.gz", hash = "sha256:29adc2665447e5191d0e7c568fde78b21f9672d344281d0c6e1ab085429b22b6"},
]
chipflow = []
cloudpickle = [
    {file = "cloudpickle-2.2.0-py3-none-any.whl", hash = "sha256:7428798d5926d8fcbfd092d18d01a2a03daf8237d8fcdc8095d256b8490796f0"},
    {file = "cloudpickle-2.2.0.tar.gz", hash = "sha256:3f4219469c55453cfe4737e564b67c2a149109dabf7f242478948b895f61106f"},
]
colorama = [
    {file = "colorama-0.4.6-py2.py3-none-any.whl", hash = "sha256:4f1d9991f5acc0ca119f9d443620b77f9d6b33703e51011c16baf57afb285fc6"},
    {file = "colorama-0.4.6.tar.gz", hash = "sha256:08695f5cb7ed6e0531a20572697297273c47b8cae5a63ffc6d6ed5c201be6e44"},
]
doit = [
    {file = "doit-0.36.0-py3-none-any.whl", hash = "sha256:ebc285f6666871b5300091c26eafdff3de968a6bd60ea35dd1e3fc6f2e32479a"},
    {file = "doit-0.36.0.tar.gz", hash = "sha256:71d07ccc9514cb22fe59d98999577665eaab57e16f644d04336ae0b4bae234bc"},
]
exceptiongroup = [
    {file = "exceptiongroup-1.0.4-py3-none-any.whl", hash = "sha256:542adf9dea4055530d6e1279602fa5cb11dab2395fa650b8674eaec35fc4a828"},
    {file = "exceptiongroup-1.0.4.tar.gz", hash = "sha256:bd14967b79cd9bdb54d97323216f8fdf533e278df937aa2a90089e7d6e06e5ec"},
]
importlib-metadata = [
    {file = "importlib_metadata-5.0.0-py3-none-any.whl", hash = "sha256:ddb0e35065e8938f867ed4928d0ae5bf2a53b7773871bfe6bcc7e4fcdc7dea43"},
    {file = "importlib_metadata-5.0.0.tar.gz", hash = "sha256:da31db32b304314d044d3c12c79bd59e307889b287ad12ff387b3500835fc2ab"},
]
iniconfig = [
    {file = "iniconfig-1.1.1-py2.py3-none-any.whl", hash = "sha256:011e24c64b7f47f6ebd835bb12a743f2fbe9a26d4cecaa7f53bc4f35ee9da8b3"},
    {file = "iniconfig-1.1.1.tar.gz", hash = "sha256:bc3af051d7d14b2ee5ef9969666def0cd1a000e121eaea580d4a313df4b37f32"},
]
jinja2 = [
    {file = "Jinja2-3.1.2-py3-none-any.whl", hash = "sha256:6088930bfe239f0e6710546ab9c19c9ef35e29792895fed6e6e31a023a182a61"},
    {file = "Jinja2-3.1.2.tar.gz", hash = "sha256:31351a702a408a9e7595a8fc6150fc3f43bb6bf7e319770cbc0db9df9437e852"},
]
markupsafe = [
    {file = "MarkupSafe-2.1.1-cp310-cp310-macosx_10_9_universal2.whl", hash = "sha256:86b1f75c4e7c2ac2ccdaec2b9022845dbb81880ca318bb7a0a01fbf7813e3812"},
    {file = "MarkupSafe-2.1.1-cp310-cp310-macosx_10_9_x86_64.whl", hash = "sha256:f121a1420d4e173a5d96e47e9a0c0dcff965afdf1626d28de1460815f7c4ee7a"},
    {file = "MarkupSafe-2.1.1-cp310-cp310-manylinux_2_17_aarch64.manylinux2014_aarch64.whl", hash = "sha256:a49907dd8420c5685cfa064a1335b6754b74541bbb3706c259c02ed65b644b3e"},
    {file = "MarkupSafe-2.1.1-cp310-cp310-manylinux_2_17_x86_64.manylinux2014_x86_64.whl", hash = "sha256:10c1bfff05d95783da83491be968e8fe789263689c02724e0c691933c52994f5"},
    {file = "MarkupSafe-2.1.1-cp310-cp310-manylinux_2_5_i686.manylinux1_i686.manylinux_2_17_i686.manylinux2014_i686.whl", hash = "sha256:b7bd98b796e2b6553da7225aeb61f447f80a1ca64f41d83612e6139ca5213aa4"},
    {file = "MarkupSafe-2.1.1-cp310-cp310-musllinux_1_1_aarch64.whl", hash = "sha256:b09bf97215625a311f669476f44b8b318b075847b49316d3e28c08e41a7a573f"},
    {file = "MarkupSafe-2.1.1-cp310-cp310-musllinux_1_1_i686.whl", hash = "sha256:694deca8d702d5db21ec83983ce0bb4b26a578e71fbdbd4fdcd387daa90e4d5e"},
    {file = "MarkupSafe-2.1.1-cp310-cp310-musllinux_1_1_x86_64.whl", hash = "sha256:efc1913fd2ca4f334418481c7e595c00aad186563bbc1ec76067848c7ca0a933"},
    {file = "MarkupSafe-2.1.1-cp310-cp310-win32.whl", hash = "sha256:4a33dea2b688b3190ee12bd7cfa29d39c9ed176bda40bfa11099a3ce5d3a7ac6"},
    {file = "MarkupSafe-2.1.1-cp310-cp310-win_amd64.whl", hash = "sha256:dda30ba7e87fbbb7eab1ec9f58678558fd9a6b8b853530e176eabd064da81417"},
    {file = "MarkupSafe-2.1.1-cp37-cp37m-macosx_10_9_x86_64.whl", hash = "sha256:671cd1187ed5e62818414afe79ed29da836dde67166a9fac6d435873c44fdd02"},
    {file = "MarkupSafe-2.1.1-cp37-cp37m-manylinux_2_17_aarch64.manylinux2014_aarch64.whl", hash = "sha256:3799351e2336dc91ea70b034983ee71cf2f9533cdff7c14c90ea126bfd95d65a"},
    {file = "MarkupSafe-2.1.1-cp37-cp37m-manylinux_2_17_x86_64.manylinux2014_x86_64.whl", hash = "sha256:e72591e9ecd94d7feb70c1cbd7be7b3ebea3f548870aa91e2732960fa4d57a37"},
    {file = "MarkupSafe-2.1.1-cp37-cp37m-manylinux_2_5_i686.manylinux1_i686.manylinux_2_17_i686.manylinux2014_i686.whl", hash = "sha256:6fbf47b5d3728c6aea2abb0589b5d30459e369baa772e0f37a0320185e87c980"},
    {file = "MarkupSafe-2.1.1-cp37-cp37m-musllinux_1_1_aarch64.whl", hash = "sha256:d5ee4f386140395a2c818d149221149c54849dfcfcb9f1debfe07a8b8bd63f9a"},
    {file = "MarkupSafe-2.1.1-cp37-cp37m-musllinux_1_1_i686.whl", hash = "sha256:bcb3ed405ed3222f9904899563d6fc492ff75cce56cba05e32eff40e6acbeaa3"},
    {file = "MarkupSafe-2.1.1-cp37-cp37m-musllinux_1_1_x86_64.whl", hash = "sha256:e1c0b87e09fa55a220f058d1d49d3fb8df88fbfab58558f1198e08c1e1de842a"},
    {file = "MarkupSafe-2.1.1-cp37-cp37m-win32.whl", hash = "sha256:8dc1c72a69aa7e082593c4a203dcf94ddb74bb5c8a731e4e1eb68d031e8498ff"},
    {file = "MarkupSafe-2.1.1-cp37-cp37m-win_amd64.whl", hash = "sha256:97a68e6ada378df82bc9f16b800ab77cbf4b2fada0081794318520138c088e4a"},
    {file = "MarkupSafe-2.1.1-cp38-cp38-macosx_10_9_universal2.whl", hash = "sha256:e8c843bbcda3a2f1e3c2ab25913c80a3c5376cd00c6e8c4a86a89a28c8dc5452"},
    {file = "MarkupSafe-2.1.1-cp38-cp38-macosx_10_9_x86_64.whl", hash = "sha256:0212a68688482dc52b2d45013df70d169f542b7394fc744c02a57374a4207003"},
    {file = "MarkupSafe-2.1.1-cp38-cp38-manylinux_2_17_aarch64.manylinux2014_aarch64.whl", hash = "sha256:8e576a51ad59e4bfaac456023a78f6b5e6e7651dcd383bcc3e18d06f9b55d6d1"},
    {file = "MarkupSafe-2.1.1-cp38-cp38-manylinux_2_17_x86_64.manylinux2014_x86_64.whl", hash = "sha256:4b9fe39a2ccc108a4accc2676e77da025ce383c108593d65cc909add5c3bd601"},
    {file = "MarkupSafe-2.1.1-cp38-cp38-manylinux_2_5_i686.manylinux1_i686.manylinux_2_17_i686.manylinux2014_i686.whl", hash = "sha256:96e37a3dc86e80bf81758c152fe66dbf60ed5eca3d26305edf01892257049925"},
    {file = "MarkupSafe-2.1.1-cp38-cp38-musllinux_1_1_aarch64.whl", hash = "sha256:6d0072fea50feec76a4c418096652f2c3238eaa014b2f94aeb1d56a66b41403f"},
    {file = "MarkupSafe-2.1.1-cp38-cp38-musllinux_1_1_i686.whl", hash = "sha256:089cf3dbf0cd6c100f02945abeb18484bd1ee57a079aefd52cffd17fba910b88"},
    {file = "MarkupSafe-2.1.1-cp38-cp38-musllinux_1_1_x86_64.whl", hash = "sha256:6a074d34ee7a5ce3effbc526b7083ec9731bb3cbf921bbe1d3005d4d2bdb3a63"},
    {file = "MarkupSafe-2.1.1-cp38-cp38-win32.whl", hash = "sha256:421be9fbf0ffe9ffd7a378aafebbf6f4602d564d34be190fc19a193232fd12b1"},
    {file = "MarkupSafe-2.1.1-cp38-cp38-win_amd64.whl", hash = "sha256:fc7b548b17d238737688817ab67deebb30e8073c95749d55538ed473130ec0c7"},
    {file = "MarkupSafe-2.1.1-cp39-cp39-macosx_10_9_universal2.whl", hash = "sha256:e04e26803c9c3851c931eac40c695602c6295b8d432cbe78609649ad9bd2da8a"},
    {file = "MarkupSafe-2.1.1-cp39-cp39-macosx_10_9_x86_64.whl", hash = "sha256:b87db4360013327109564f0e591bd2a3b318547bcef31b468a92ee504d07ae4f"},
    {file = "MarkupSafe-2.1.1-cp39-cp39-manylinux_2_17_aarch64.manylinux2014_aarch64.whl", hash = "sha256:99a2a507ed3ac881b975a2976d59f38c19386d128e7a9a18b7df6fff1fd4c1d6"},
    {file = "MarkupSafe-2.1.1-cp39-cp39-manylinux_2_17_x86_64.manylinux2014_x86_64.whl", hash = "sha256:56442863ed2b06d19c37f94d999035e15ee982988920e12a5b4ba29b62ad1f77"},
    {file = "MarkupSafe-2.1.1-cp39-cp39-manylinux_2_5_i686.manylinux1_i686.manylinux_2_17_i686.manylinux2014_i686.whl", hash = "sha256:3ce11ee3f23f79dbd06fb3d63e2f6af7b12db1d46932fe7bd8afa259a5996603"},
    {file = "MarkupSafe-2.1.1-cp39-cp39-musllinux_1_1_aarch64.whl", hash = "sha256:33b74d289bd2f5e527beadcaa3f401e0df0a89927c1559c8566c066fa4248ab7"},
    {file = "MarkupSafe-2.1.1-cp39-cp39-musllinux_1_1_i686.whl", hash = "sha256:43093fb83d8343aac0b1baa75516da6092f58f41200907ef92448ecab8825135"},
    {file = "MarkupSafe-2.1.1-cp39-cp39-musllinux_1_1_x86_64.whl", hash = "sha256:8e3dcf21f367459434c18e71b2a9532d96547aef8a871872a5bd69a715c15f96"},
    {file = "MarkupSafe-2.1.1-cp39-cp39-win32.whl", hash = "sha256:d4306c36ca495956b6d568d276ac11fdd9c30a36f1b6eb928070dc5360b22e1c"},
    {file = "MarkupSafe-2.1.1-cp39-cp39-win_amd64.whl", hash = "sha256:46d00d6cfecdde84d40e572d63735ef81423ad31184100411e6e3388d405e247"},
    {file = "MarkupSafe-2.1.1.tar.gz", hash = "sha256:7f91197cc9e48f989d12e4e6fbc46495c446636dfc81b9ccf50bb0ec74b91d4b"},
]
packaging = [
    {file = "packaging-21.3-py3-none-any.whl", hash = "sha256:ef103e05f519cdc783ae24ea4e2e0f508a9c99b2d4969652eed6a2e1ea5bd522"},
    {file = "packaging-21.3.tar.gz", hash = "sha256:dd47c42927d89ab911e606518907cc2d3a1f38bbd026385970643f9c5b8ecfeb"},
]
pluggy = [
    {file = "pluggy-1.0.0-py2.py3-none-any.whl", hash = "sha256:74134bbf457f031a36d68416e1509f34bd5ccc019f0bcc952c7b909d06b37bd3"},
    {file = "pluggy-1.0.0.tar.gz", hash = "sha256:4224373bacce55f955a878bf9cfa763c1e360858e330072059e10bad68531159"},
]
pyparsing = [
    {file = "pyparsing-3.0.9-py3-none-any.whl", hash = "sha256:5026bae9a10eeaefb61dab2f09052b9f4307d44aee4eda64b309723d8d206bbc"},
    {file = "pyparsing-3.0.9.tar.gz", hash = "sha256:2b020ecf7d21b687f219b71ecad3631f644a47f01403fa1d1036b0c6416d70fb"},
]
pytest = [
    {file = "pytest-7.2.0-py3-none-any.whl", hash = "sha256:892f933d339f068883b6fd5a459f03d85bfcb355e4981e146d2c7616c21fef71"},
    {file = "pytest-7.2.0.tar.gz", hash = "sha256:c4014eb40e10f11f355ad4e3c2fb2c6c6d1919c73f3b5a433de4708202cade59"},
]
pyvcd = [
    {file = "pyvcd-0.3.0-py2.py3-none-any.whl", hash = "sha256:971dfe5a3e68663115c6edf3f0b611ff9e8427513db16281eb4516ebcd65a336"},
    {file = "pyvcd-0.3.0.tar.gz", hash = "sha256:ec4d9198bd20f9e07d78f6558ff8bcd45b172ee332e7e8a4588727eeb6a362bc"},
]
tomli = [
    {file = "tomli-2.0.1-py3-none-any.whl", hash = "sha256:939de3e7a6161af0c887ef91b7d41a53e7c5a1ca976325f429cb46ea9bc30ecc"},
    {file = "tomli-2.0.1.tar.gz", hash = "sha256:de526c12914f0c550d15924c62d72abc48d6fe7364aa87328337a31007fe8a4f"},
]
wasmtime = [
    {file = "wasmtime-1.0.1-py3-none-any.whl", hash = "sha256:20c1df95a3506408dcf2116502720e7cb248f1e98122b868932dbc9bbacb4ebd"},
    {file = "wasmtime-1.0.1-py3-none-macosx_10_13_x86_64.whl", hash = "sha256:9ccb42db2511b49c805b23a87e7c191d34112a9568292d475ec966204ac42bc3"},
    {file = "wasmtime-1.0.1-py3-none-macosx_11_0_arm64.whl", hash = "sha256:439960f6fb2a48482c8f7beaa2b491ce684f1599d9bfdd519b5320305edc2f39"},
    {file = "wasmtime-1.0.1-py3-none-manylinux1_x86_64.whl", hash = "sha256:b257ec11ba6d39e3cd9eed4f90c4633bcf3b964219948254244347236fe45172"},
    {file = "wasmtime-1.0.1-py3-none-manylinux2014_aarch64.whl", hash = "sha256:f34ac6db5f91ab359566f531dca7c53d2e63f657d5b10ec9cf53d1c29ac718c0"},
    {file = "wasmtime-1.0.1-py3-none-win_amd64.whl", hash = "sha256:0ae7e2d43a5d9da72a884a695049d7b1773717ba059bdb0ad0369e5c1e03a388"},
]
yowasp-nextpnr-ecp5 = [
    {file = "yowasp_nextpnr_ecp5-0.4.post25.dev361-py3-none-any.whl", hash = "sha256:590e22477c65bdd4b8eac4f5be4bf927d4dbd6b68f8b2cfed37aa546d203df0c"},
]
yowasp-yosys = [
    {file = "yowasp_yosys-0.23.dev444-py3-none-any.whl", hash = "sha256:60e9129b34e93b127ce61b65cd6ad5beaf12ffc3995a7257be4cb0ff97be9ce2"},
]
zipp = [
    {file = "zipp-3.10.0-py3-none-any.whl", hash = "sha256:4fcb6f278987a6605757302a6e40e896257570d11c51628968ccb2a47e80c6c1"},
    {file = "zipp-3.10.0.tar.gz", hash = "sha256:7a7262fd930bd3e36c50b9a64897aec3fafff3dfdeec9623ae22b40e93f99bb8"},
]
